
Microsoft Visual Studio Solution File, Format Version 12.00
# Visual Studio Version 17
VisualStudioVersion = 17.1.32421.90
MinimumVisualStudioVersion = 10.0.40219.1
Project("{F184B08F-C81C-45F6-A57F-5ABD9991F28F}") = "RegisterManagementSystem", "RegisterManagementSystem\RegisterManagementSystem.vbproj", "{14441BAF-BDBD-43DA-BA53-AE3FF310D460}"
EndProject
Global
	GlobalSection(SolutionConfigurationPlatforms) = preSolution
		Debug|Any CPU = Debug|Any CPU
		Release|Any CPU = Release|Any CPU
	EndGlobalSection
	GlobalSection(ProjectConfigurationPlatforms) = postSolution
		{14441BAF-BDBD-43DA-BA53-AE3FF310D460}.Debug|Any CPU.ActiveCfg = Debug|Any CPU
		{14441BAF-BDBD-43DA-BA53-AE3FF310D460}.Debug|Any CPU.Build.0 = Debug|Any CPU
		{14441BAF-BDBD-43DA-BA53-AE3FF310D460}.Release|Any CPU.ActiveCfg = Release|Any CPU
		{14441BAF-BDBD-43DA-BA53-AE3FF310D460}.Release|Any CPU.Build.0 = Release|Any CPU
	EndGlobalSection
	GlobalSection(SolutionProperties) = preSolution
		HideSolutionNode = FALSE
	EndGlobalSection
	GlobalSection(ExtensibilityGlobals) = postSolution
		SolutionGuid = {98C0AC50-589D-4780-8D07-1CFBBC6A931B}
	EndGlobalSection
EndGlobal
